
Microsoft Visual Studio Solution File, Format Version 12.00
# Visual Studio Version 16
VisualStudioVersion = 16.0.30114.105
MinimumVisualStudioVersion = 10.0.40219.1
Project("{FAE04EC0-301F-11D3-BF4B-00C04F79EFBC}") = "Poppers.Api", "Poppers.Api\Poppers.Api.csproj", "{9FF37A8C-CA05-4742-AF98-AD04E609252B}"
EndProject
Project("{FAE04EC0-301F-11D3-BF4B-00C04F79EFBC}") = "Poppers.Application", "Poppers.Application\Poppers.Application.csproj", "{AB3CF66F-1E3D-44B4-87A2-FD7686BA6C62}"
EndProject
Project("{FAE04EC0-301F-11D3-BF4B-00C04F79EFBC}") = "Poppers.Contracts", "Poppers.Contracts\Poppers.Contracts.csproj", "{977D50A1-2407-4676-A1B4-D6ACA47E493A}"
EndProject
Project("{FAE04EC0-301F-11D3-BF4B-00C04F79EFBC}") = "Poppers.Domain", "Poppers.Domain\Poppers.Domain.csproj", "{A30145D9-2CBB-4404-BFB0-28195D4EB8BA}"
EndProject
Project("{FAE04EC0-301F-11D3-BF4B-00C04F79EFBC}") = "Poppers.Infrastructure", "Poppers.Infrastructure\Poppers.Infrastructure.csproj", "{6AA7D8B3-84B4-4F0F-97FE-BFD028EB8381}"
EndProject
Global
	GlobalSection(SolutionConfigurationPlatforms) = preSolution
		Debug|Any CPU = Debug|Any CPU
		Release|Any CPU = Release|Any CPU
	EndGlobalSection
	GlobalSection(SolutionProperties) = preSolution
		HideSolutionNode = FALSE
	EndGlobalSection
	GlobalSection(ProjectConfigurationPlatforms) = postSolution
		{9FF37A8C-CA05-4742-AF98-AD04E609252B}.Debug|Any CPU.ActiveCfg = Debug|Any CPU
		{9FF37A8C-CA05-4742-AF98-AD04E609252B}.Debug|Any CPU.Build.0 = Debug|Any CPU
		{9FF37A8C-CA05-4742-AF98-AD04E609252B}.Release|Any CPU.ActiveCfg = Release|Any CPU
		{9FF37A8C-CA05-4742-AF98-AD04E609252B}.Release|Any CPU.Build.0 = Release|Any CPU
		{AB3CF66F-1E3D-44B4-87A2-FD7686BA6C62}.Debug|Any CPU.ActiveCfg = Debug|Any CPU
		{AB3CF66F-1E3D-44B4-87A2-FD7686BA6C62}.Debug|Any CPU.Build.0 = Debug|Any CPU
		{AB3CF66F-1E3D-44B4-87A2-FD7686BA6C62}.Release|Any CPU.ActiveCfg = Release|Any CPU
		{AB3CF66F-1E3D-44B4-87A2-FD7686BA6C62}.Release|Any CPU.Build.0 = Release|Any CPU
		{977D50A1-2407-4676-A1B4-D6ACA47E493A}.Debug|Any CPU.ActiveCfg = Debug|Any CPU
		{977D50A1-2407-4676-A1B4-D6ACA47E493A}.Debug|Any CPU.Build.0 = Debug|Any CPU
		{977D50A1-2407-4676-A1B4-D6ACA47E493A}.Release|Any CPU.ActiveCfg = Release|Any CPU
		{977D50A1-2407-4676-A1B4-D6ACA47E493A}.Release|Any CPU.Build.0 = Release|Any CPU
		{A30145D9-2CBB-4404-BFB0-28195D4EB8BA}.Debug|Any CPU.ActiveCfg = Debug|Any CPU
		{A30145D9-2CBB-4404-BFB0-28195D4EB8BA}.Debug|Any CPU.Build.0 = Debug|Any CPU
		{A30145D9-2CBB-4404-BFB0-28195D4EB8BA}.Release|Any CPU.ActiveCfg = Release|Any CPU
		{A30145D9-2CBB-4404-BFB0-28195D4EB8BA}.Release|Any CPU.Build.0 = Release|Any CPU
		{6AA7D8B3-84B4-4F0F-97FE-BFD028EB8381}.Debug|Any CPU.ActiveCfg = Debug|Any CPU
		{6AA7D8B3-84B4-4F0F-97FE-BFD028EB8381}.Debug|Any CPU.Build.0 = Debug|Any CPU
		{6AA7D8B3-84B4-4F0F-97FE-BFD028EB8381}.Release|Any CPU.ActiveCfg = Release|Any CPU
		{6AA7D8B3-84B4-4F0F-97FE-BFD028EB8381}.Release|Any CPU.Build.0 = Release|Any CPU
	EndGlobalSection
EndGlobal
